
Microsoft Visual Studio Solution File, Format Version 12.00
# Visual Studio Version 17
VisualStudioVersion = 17.4.33205.214
MinimumVisualStudioVersion = 10.0.40219.1
Project("{FAE04EC0-301F-11D3-BF4B-00C04F79EFBC}") = "RatedTravel.App.Web", "RatedTravel.Web\RatedTravel.App.Web.csproj", "{DBFDCFC2-5692-47DE-BC34-75A6FC1161E0}"
EndProject
Project("{FAE04EC0-301F-11D3-BF4B-00C04F79EFBC}") = "RatedTravel.Core", "RatedTracel.Core\RatedTravel.Core.csproj", "{B7028289-D764-4569-B9A2-389A933600E1}"
EndProject
Project("{FAE04EC0-301F-11D3-BF4B-00C04F79EFBC}") = "RatedTravel.Data", "RatedTravel.Data\RatedTravel.Data.csproj", "{45BB3109-0B35-4F9B-9E01-7F4567DFF933}"
EndProject
Global
	GlobalSection(SolutionConfigurationPlatforms) = preSolution
		Debug|Any CPU = Debug|Any CPU
		Release|Any CPU = Release|Any CPU
	EndGlobalSection
	GlobalSection(ProjectConfigurationPlatforms) = postSolution
		{DBFDCFC2-5692-47DE-BC34-75A6FC1161E0}.Debug|Any CPU.ActiveCfg = Debug|Any CPU
		{DBFDCFC2-5692-47DE-BC34-75A6FC1161E0}.Debug|Any CPU.Build.0 = Debug|Any CPU
		{DBFDCFC2-5692-47DE-BC34-75A6FC1161E0}.Release|Any CPU.ActiveCfg = Release|Any CPU
		{DBFDCFC2-5692-47DE-BC34-75A6FC1161E0}.Release|Any CPU.Build.0 = Release|Any CPU
		{B7028289-D764-4569-B9A2-389A933600E1}.Debug|Any CPU.ActiveCfg = Debug|Any CPU
		{B7028289-D764-4569-B9A2-389A933600E1}.Debug|Any CPU.Build.0 = Debug|Any CPU
		{B7028289-D764-4569-B9A2-389A933600E1}.Release|Any CPU.ActiveCfg = Release|Any CPU
		{B7028289-D764-4569-B9A2-389A933600E1}.Release|Any CPU.Build.0 = Release|Any CPU
		{45BB3109-0B35-4F9B-9E01-7F4567DFF933}.Debug|Any CPU.ActiveCfg = Debug|Any CPU
		{45BB3109-0B35-4F9B-9E01-7F4567DFF933}.Debug|Any CPU.Build.0 = Debug|Any CPU
		{45BB3109-0B35-4F9B-9E01-7F4567DFF933}.Release|Any CPU.ActiveCfg = Release|Any CPU
		{45BB3109-0B35-4F9B-9E01-7F4567DFF933}.Release|Any CPU.Build.0 = Release|Any CPU
	EndGlobalSection
	GlobalSection(SolutionProperties) = preSolution
		HideSolutionNode = FALSE
	EndGlobalSection
	GlobalSection(ExtensibilityGlobals) = postSolution
		SolutionGuid = {88B404B3-DA3D-449A-9F32-253B3887F57B}
	EndGlobalSection
EndGlobal
